
Microsoft Visual Studio Solution File, Format Version 12.00
# Visual Studio Version 17
VisualStudioVersion = 17.10.35013.160
MinimumVisualStudioVersion = 10.0.40219.1
Project("{FAE04EC0-301F-11D3-BF4B-00C04F79EFBC}") = "ConsoleApp1", "ConsoleApp1\ConsoleApp1.csproj", "{8F14A68D-E753-476A-BB29-8BA57F042471}"
EndProject
Global
	GlobalSection(SolutionConfigurationPlatforms) = preSolution
		Debug|Any CPU = Debug|Any CPU
		Release|Any CPU = Release|Any CPU
	EndGlobalSection
	GlobalSection(ProjectConfigurationPlatforms) = postSolution
		{8F14A68D-E753-476A-BB29-8BA57F042471}.Debug|Any CPU.ActiveCfg = Debug|Any CPU
		{8F14A68D-E753-476A-BB29-8BA57F042471}.Debug|Any CPU.Build.0 = Debug|Any CPU
		{8F14A68D-E753-476A-BB29-8BA57F042471}.Release|Any CPU.ActiveCfg = Release|Any CPU
		{8F14A68D-E753-476A-BB29-8BA57F042471}.Release|Any CPU.Build.0 = Release|Any CPU
	EndGlobalSection
	GlobalSection(SolutionProperties) = preSolution
		HideSolutionNode = FALSE
	EndGlobalSection
	GlobalSection(ExtensibilityGlobals) = postSolution
		SolutionGuid = {F1D8DD42-8155-49DA-B86D-82650D761B1E}
	EndGlobalSection
EndGlobal
